
Microsoft Visual Studio Solution File, Format Version 11.00
# Visual Studio 2010
Project("{FAE04EC0-301F-11D3-BF4B-00C04F79EFBC}") = "Assembly-CSharp", "Assembly-CSharp.csproj", "{046963DE-47E9-CC5F-0A06-35B85FFFC428}"
EndProject
Project("{FAE04EC0-301F-11D3-BF4B-00C04F79EFBC}") = "Assembly-CSharp-Editor", "Assembly-CSharp-Editor.csproj", "{5C9FA489-694E-048D-C599-A72039F57125}"
EndProject
Global
	GlobalSection(SolutionConfigurationPlatforms) = preSolution
		Debug|Any CPU = Debug|Any CPU
		Release|Any CPU = Release|Any CPU
	EndGlobalSection
	GlobalSection(ProjectConfigurationPlatforms) = postSolution
		{046963DE-47E9-CC5F-0A06-35B85FFFC428}.Debug|Any CPU.ActiveCfg = Debug|Any CPU
		{046963DE-47E9-CC5F-0A06-35B85FFFC428}.Debug|Any CPU.Build.0 = Debug|Any CPU
		{046963DE-47E9-CC5F-0A06-35B85FFFC428}.Release|Any CPU.ActiveCfg = Release|Any CPU
		{046963DE-47E9-CC5F-0A06-35B85FFFC428}.Release|Any CPU.Build.0 = Release|Any CPU
		{5C9FA489-694E-048D-C599-A72039F57125}.Debug|Any CPU.ActiveCfg = Debug|Any CPU
		{5C9FA489-694E-048D-C599-A72039F57125}.Debug|Any CPU.Build.0 = Debug|Any CPU
		{5C9FA489-694E-048D-C599-A72039F57125}.Release|Any CPU.ActiveCfg = Release|Any CPU
		{5C9FA489-694E-048D-C599-A72039F57125}.Release|Any CPU.Build.0 = Release|Any CPU
	EndGlobalSection
	GlobalSection(SolutionProperties) = preSolution
		HideSolutionNode = FALSE
	EndGlobalSection
	GlobalSection(MonoDevelopProperties) = preSolution
		StartupItem = Assembly-CSharp.csproj
	EndGlobalSection
EndGlobal
